{
  "name": "live-follower-and-sub-count",
  "version": "1.0.0",
  "lockfileVersion": 1,
  "requires": true,
  "dependencies": {
    "@mdi/font": {
      "version": "5.2.45",
      "resolved": "https://registry.npmjs.org/@mdi/font/-/font-5.2.45.tgz",
      "integrity": "sha512-3ReoMrZh2OJR8loD7to2hheYWh6pD+ypv6EpuvnEvoR04fsShwpDfS2ZErM3k98REEk4XIqPzuctAztmhWm+Pw=="
    },
    "jquery": {
      "version": "3.5.1",
      "resolved": "https://registry.npmjs.org/jquery/-/jquery-3.5.1.tgz",
      "integrity": "sha512-XwIBPqcMn57FxfT+Go5pzySnm4KWkT1Tv7gjrpT1srtf8Weynl6R273VJ5GjkRb51IzMp5nbaPjJXMWeju2MKg=="
    }
  }
}
